
Microsoft Visual Studio Solution File, Format Version 12.00
# Visual Studio Version 16
VisualStudioVersion = 16.0.29311.281
MinimumVisualStudioVersion = 10.0.40219.1
Project("{FAE04EC0-301F-11D3-BF4B-00C04F79EFBC}") = "Countries", "Countries\Countries\Countries.csproj", "{49528956-8E23-48CA-A052-0301AF574DFE}"
EndProject
Project("{FAE04EC0-301F-11D3-BF4B-00C04F79EFBC}") = "Countries.Android", "Countries\Countries.Android\Countries.Android.csproj", "{D31D58DE-529D-4CE2-9F20-A6909DDCECB6}"
EndProject
Project("{FAE04EC0-301F-11D3-BF4B-00C04F79EFBC}") = "Countries.iOS", "Countries\Countries.iOS\Countries.iOS.csproj", "{10DF11E5-7C00-41E5-8ABB-81CFE311C0AC}"
EndProject
Global
	GlobalSection(SolutionConfigurationPlatforms) = preSolution
		Ad-Hoc|Any CPU = Ad-Hoc|Any CPU
		Ad-Hoc|iPhone = Ad-Hoc|iPhone
		Ad-Hoc|iPhoneSimulator = Ad-Hoc|iPhoneSimulator
		AppStore|Any CPU = AppStore|Any CPU
		AppStore|iPhone = AppStore|iPhone
		AppStore|iPhoneSimulator = AppStore|iPhoneSimulator
		Debug|Any CPU = Debug|Any CPU
		Debug|iPhone = Debug|iPhone
		Debug|iPhoneSimulator = Debug|iPhoneSimulator
		Release|Any CPU = Release|Any CPU
		Release|iPhone = Release|iPhone
		Release|iPhoneSimulator = Release|iPhoneSimulator
	EndGlobalSection
	GlobalSection(ProjectConfigurationPlatforms) = postSolution
		{49528956-8E23-48CA-A052-0301AF574DFE}.Ad-Hoc|Any CPU.ActiveCfg = Debug|Any CPU
		{49528956-8E23-48CA-A052-0301AF574DFE}.Ad-Hoc|Any CPU.Build.0 = Debug|Any CPU
		{49528956-8E23-48CA-A052-0301AF574DFE}.Ad-Hoc|iPhone.ActiveCfg = Debug|Any CPU
		{49528956-8E23-48CA-A052-0301AF574DFE}.Ad-Hoc|iPhone.Build.0 = Debug|Any CPU
		{49528956-8E23-48CA-A052-0301AF574DFE}.Ad-Hoc|iPhoneSimulator.ActiveCfg = Debug|Any CPU
		{49528956-8E23-48CA-A052-0301AF574DFE}.Ad-Hoc|iPhoneSimulator.Build.0 = Debug|Any CPU
		{49528956-8E23-48CA-A052-0301AF574DFE}.AppStore|Any CPU.ActiveCfg = Debug|Any CPU
		{49528956-8E23-48CA-A052-0301AF574DFE}.AppStore|Any CPU.Build.0 = Debug|Any CPU
		{49528956-8E23-48CA-A052-0301AF574DFE}.AppStore|iPhone.ActiveCfg = Debug|Any CPU
		{49528956-8E23-48CA-A052-0301AF574DFE}.AppStore|iPhone.Build.0 = Debug|Any CPU
		{49528956-8E23-48CA-A052-0301AF574DFE}.AppStore|iPhoneSimulator.ActiveCfg = Debug|Any CPU
		{49528956-8E23-48CA-A052-0301AF574DFE}.AppStore|iPhoneSimulator.Build.0 = Debug|Any CPU
		{49528956-8E23-48CA-A052-0301AF574DFE}.Debug|Any CPU.ActiveCfg = Debug|Any CPU
		{49528956-8E23-48CA-A052-0301AF574DFE}.Debug|Any CPU.Build.0 = Debug|Any CPU
		{49528956-8E23-48CA-A052-0301AF574DFE}.Debug|iPhone.ActiveCfg = Debug|Any CPU
		{49528956-8E23-48CA-A052-0301AF574DFE}.Debug|iPhone.Build.0 = Debug|Any CPU
		{49528956-8E23-48CA-A052-0301AF574DFE}.Debug|iPhoneSimulator.ActiveCfg = Debug|Any CPU
		{49528956-8E23-48CA-A052-0301AF574DFE}.Debug|iPhoneSimulator.Build.0 = Debug|Any CPU
		{49528956-8E23-48CA-A052-0301AF574DFE}.Release|Any CPU.ActiveCfg = Release|Any CPU
		{49528956-8E23-48CA-A052-0301AF574DFE}.Release|Any CPU.Build.0 = Release|Any CPU
		{49528956-8E23-48CA-A052-0301AF574DFE}.Release|iPhone.ActiveCfg = Release|Any CPU
		{49528956-8E23-48CA-A052-0301AF574DFE}.Release|iPhone.Build.0 = Release|Any CPU
		{49528956-8E23-48CA-A052-0301AF574DFE}.Release|iPhoneSimulator.ActiveCfg = Release|Any CPU
		{49528956-8E23-48CA-A052-0301AF574DFE}.Release|iPhoneSimulator.Build.0 = Release|Any CPU
		{D31D58DE-529D-4CE2-9F20-A6909DDCECB6}.Ad-Hoc|Any CPU.ActiveCfg = Release|Any CPU
		{D31D58DE-529D-4CE2-9F20-A6909DDCECB6}.Ad-Hoc|Any CPU.Build.0 = Release|Any CPU
		{D31D58DE-529D-4CE2-9F20-A6909DDCECB6}.Ad-Hoc|Any CPU.Deploy.0 = Release|Any CPU
		{D31D58DE-529D-4CE2-9F20-A6909DDCECB6}.Ad-Hoc|iPhone.ActiveCfg = Release|Any CPU
		{D31D58DE-529D-4CE2-9F20-A6909DDCECB6}.Ad-Hoc|iPhone.Build.0 = Release|Any CPU
		{D31D58DE-529D-4CE2-9F20-A6909DDCECB6}.Ad-Hoc|iPhone.Deploy.0 = Release|Any CPU
		{D31D58DE-529D-4CE2-9F20-A6909DDCECB6}.Ad-Hoc|iPhoneSimulator.ActiveCfg = Release|Any CPU
		{D31D58DE-529D-4CE2-9F20-A6909DDCECB6}.Ad-Hoc|iPhoneSimulator.Build.0 = Release|Any CPU
		{D31D58DE-529D-4CE2-9F20-A6909DDCECB6}.Ad-Hoc|iPhoneSimulator.Deploy.0 = Release|Any CPU
		{D31D58DE-529D-4CE2-9F20-A6909DDCECB6}.AppStore|Any CPU.ActiveCfg = Release|Any CPU
		{D31D58DE-529D-4CE2-9F20-A6909DDCECB6}.AppStore|Any CPU.Build.0 = Release|Any CPU
		{D31D58DE-529D-4CE2-9F20-A6909DDCECB6}.AppStore|Any CPU.Deploy.0 = Release|Any CPU
		{D31D58DE-529D-4CE2-9F20-A6909DDCECB6}.AppStore|iPhone.ActiveCfg = Release|Any CPU
		{D31D58DE-529D-4CE2-9F20-A6909DDCECB6}.AppStore|iPhone.Build.0 = Release|Any CPU
		{D31D58DE-529D-4CE2-9F20-A6909DDCECB6}.AppStore|iPhone.Deploy.0 = Release|Any CPU
		{D31D58DE-529D-4CE2-9F20-A6909DDCECB6}.AppStore|iPhoneSimulator.ActiveCfg = Release|Any CPU
		{D31D58DE-529D-4CE2-9F20-A6909DDCECB6}.AppStore|iPhoneSimulator.Build.0 = Release|Any CPU
		{D31D58DE-529D-4CE2-9F20-A6909DDCECB6}.AppStore|iPhoneSimulator.Deploy.0 = Release|Any CPU
		{D31D58DE-529D-4CE2-9F20-A6909DDCECB6}.Debug|Any CPU.ActiveCfg = Debug|Any CPU
		{D31D58DE-529D-4CE2-9F20-A6909DDCECB6}.Debug|Any CPU.Build.0 = Debug|Any CPU
		{D31D58DE-529D-4CE2-9F20-A6909DDCECB6}.Debug|Any CPU.Deploy.0 = Debug|Any CPU
		{D31D58DE-529D-4CE2-9F20-A6909DDCECB6}.Debug|iPhone.ActiveCfg = Debug|Any CPU
		{D31D58DE-529D-4CE2-9F20-A6909DDCECB6}.Debug|iPhone.Build.0 = Debug|Any CPU
		{D31D58DE-529D-4CE2-9F20-A6909DDCECB6}.Debug|iPhone.Deploy.0 = Debug|Any CPU
		{D31D58DE-529D-4CE2-9F20-A6909DDCECB6}.Debug|iPhoneSimulator.ActiveCfg = Debug|Any CPU
		{D31D58DE-529D-4CE2-9F20-A6909DDCECB6}.Debug|iPhoneSimulator.Build.0 = Debug|Any CPU
		{D31D58DE-529D-4CE2-9F20-A6909DDCECB6}.Debug|iPhoneSimulator.Deploy.0 = Debug|Any CPU
		{D31D58DE-529D-4CE2-9F20-A6909DDCECB6}.Release|Any CPU.ActiveCfg = Release|Any CPU
		{D31D58DE-529D-4CE2-9F20-A6909DDCECB6}.Release|Any CPU.Build.0 = Release|Any CPU
		{D31D58DE-529D-4CE2-9F20-A6909DDCECB6}.Release|Any CPU.Deploy.0 = Release|Any CPU
		{D31D58DE-529D-4CE2-9F20-A6909DDCECB6}.Release|iPhone.ActiveCfg = Release|Any CPU
		{D31D58DE-529D-4CE2-9F20-A6909DDCECB6}.Release|iPhone.Build.0 = Release|Any CPU
		{D31D58DE-529D-4CE2-9F20-A6909DDCECB6}.Release|iPhone.Deploy.0 = Release|Any CPU
		{D31D58DE-529D-4CE2-9F20-A6909DDCECB6}.Release|iPhoneSimulator.ActiveCfg = Release|Any CPU
		{D31D58DE-529D-4CE2-9F20-A6909DDCECB6}.Release|iPhoneSimulator.Build.0 = Release|Any CPU
		{D31D58DE-529D-4CE2-9F20-A6909DDCECB6}.Release|iPhoneSimulator.Deploy.0 = Release|Any CPU
		{10DF11E5-7C00-41E5-8ABB-81CFE311C0AC}.Ad-Hoc|Any CPU.ActiveCfg = Ad-Hoc|iPhone
		{10DF11E5-7C00-41E5-8ABB-81CFE311C0AC}.Ad-Hoc|iPhone.ActiveCfg = Ad-Hoc|iPhone
		{10DF11E5-7C00-41E5-8ABB-81CFE311C0AC}.Ad-Hoc|iPhone.Build.0 = Ad-Hoc|iPhone
		{10DF11E5-7C00-41E5-8ABB-81CFE311C0AC}.Ad-Hoc|iPhoneSimulator.ActiveCfg = Ad-Hoc|iPhoneSimulator
		{10DF11E5-7C00-41E5-8ABB-81CFE311C0AC}.Ad-Hoc|iPhoneSimulator.Build.0 = Ad-Hoc|iPhoneSimulator
		{10DF11E5-7C00-41E5-8ABB-81CFE311C0AC}.AppStore|Any CPU.ActiveCfg = AppStore|iPhone
		{10DF11E5-7C00-41E5-8ABB-81CFE311C0AC}.AppStore|iPhone.ActiveCfg = AppStore|iPhone
		{10DF11E5-7C00-41E5-8ABB-81CFE311C0AC}.AppStore|iPhone.Build.0 = AppStore|iPhone
		{10DF11E5-7C00-41E5-8ABB-81CFE311C0AC}.AppStore|iPhoneSimulator.ActiveCfg = AppStore|iPhoneSimulator
		{10DF11E5-7C00-41E5-8ABB-81CFE311C0AC}.AppStore|iPhoneSimulator.Build.0 = AppStore|iPhoneSimulator
		{10DF11E5-7C00-41E5-8ABB-81CFE311C0AC}.Debug|Any CPU.ActiveCfg = Debug|iPhone
		{10DF11E5-7C00-41E5-8ABB-81CFE311C0AC}.Debug|iPhone.ActiveCfg = Debug|iPhone
		{10DF11E5-7C00-41E5-8ABB-81CFE311C0AC}.Debug|iPhone.Build.0 = Debug|iPhone
		{10DF11E5-7C00-41E5-8ABB-81CFE311C0AC}.Debug|iPhoneSimulator.ActiveCfg = Debug|iPhoneSimulator
		{10DF11E5-7C00-41E5-8ABB-81CFE311C0AC}.Debug|iPhoneSimulator.Build.0 = Debug|iPhoneSimulator
		{10DF11E5-7C00-41E5-8ABB-81CFE311C0AC}.Release|Any CPU.ActiveCfg = Release|iPhone
		{10DF11E5-7C00-41E5-8ABB-81CFE311C0AC}.Release|iPhone.ActiveCfg = Release|iPhone
		{10DF11E5-7C00-41E5-8ABB-81CFE311C0AC}.Release|iPhone.Build.0 = Release|iPhone
		{10DF11E5-7C00-41E5-8ABB-81CFE311C0AC}.Release|iPhoneSimulator.ActiveCfg = Release|iPhoneSimulator
		{10DF11E5-7C00-41E5-8ABB-81CFE311C0AC}.Release|iPhoneSimulator.Build.0 = Release|iPhoneSimulator
	EndGlobalSection
	GlobalSection(SolutionProperties) = preSolution
		HideSolutionNode = FALSE
	EndGlobalSection
	GlobalSection(ExtensibilityGlobals) = postSolution
		SolutionGuid = {5A65C022-3D38-4E4B-8A74-E1023D325B2A}
	EndGlobalSection
EndGlobal
